
Microsoft Visual Studio Solution File, Format Version 12.00
# Visual Studio Version 17
VisualStudioVersion = 17.3.32819.101
MinimumVisualStudioVersion = 10.0.40219.1
Project("{FAE04EC0-301F-11D3-BF4B-00C04F79EFBC}") = "ControlFlow", "ControlFlow.csproj", "{43586E1B-BBBC-4CDD-A95C-59F7B166D941}"
EndProject
Global
	GlobalSection(SolutionConfigurationPlatforms) = preSolution
		Debug|Any CPU = Debug|Any CPU
		Release|Any CPU = Release|Any CPU
	EndGlobalSection
	GlobalSection(ProjectConfigurationPlatforms) = postSolution
		{43586E1B-BBBC-4CDD-A95C-59F7B166D941}.Debug|Any CPU.ActiveCfg = Debug|Any CPU
		{43586E1B-BBBC-4CDD-A95C-59F7B166D941}.Debug|Any CPU.Build.0 = Debug|Any CPU
		{43586E1B-BBBC-4CDD-A95C-59F7B166D941}.Release|Any CPU.ActiveCfg = Release|Any CPU
		{43586E1B-BBBC-4CDD-A95C-59F7B166D941}.Release|Any CPU.Build.0 = Release|Any CPU
	EndGlobalSection
	GlobalSection(SolutionProperties) = preSolution
		HideSolutionNode = FALSE
	EndGlobalSection
	GlobalSection(ExtensibilityGlobals) = postSolution
		SolutionGuid = {D003F41D-2DAF-4B4F-A40F-8A8115927C8E}
	EndGlobalSection
EndGlobal
