
Microsoft Visual Studio Solution File, Format Version 12.00
# Visual Studio Version 17
VisualStudioVersion = 17.3.32819.101
MinimumVisualStudioVersion = 10.0.40219.1
Project("{FAE04EC0-301F-11D3-BF4B-00C04F79EFBC}") = "S6 Exercises", "S6 Exercises.csproj", "{D77A81A7-FFE1-4C0B-BCB7-40102803202E}"
EndProject
Global
	GlobalSection(SolutionConfigurationPlatforms) = preSolution
		Debug|Any CPU = Debug|Any CPU
		Release|Any CPU = Release|Any CPU
	EndGlobalSection
	GlobalSection(ProjectConfigurationPlatforms) = postSolution
		{D77A81A7-FFE1-4C0B-BCB7-40102803202E}.Debug|Any CPU.ActiveCfg = Debug|Any CPU
		{D77A81A7-FFE1-4C0B-BCB7-40102803202E}.Debug|Any CPU.Build.0 = Debug|Any CPU
		{D77A81A7-FFE1-4C0B-BCB7-40102803202E}.Release|Any CPU.ActiveCfg = Release|Any CPU
		{D77A81A7-FFE1-4C0B-BCB7-40102803202E}.Release|Any CPU.Build.0 = Release|Any CPU
	EndGlobalSection
	GlobalSection(SolutionProperties) = preSolution
		HideSolutionNode = FALSE
	EndGlobalSection
	GlobalSection(ExtensibilityGlobals) = postSolution
		SolutionGuid = {19957BAA-EA11-4853-B05C-9CE7CC875AEA}
	EndGlobalSection
EndGlobal
